
Microsoft Visual Studio Solution File, Format Version 12.00
# Visual Studio Version 16
VisualStudioVersion = 16.0.30406.217
MinimumVisualStudioVersion = 10.0.40219.1
Project("{FAE04EC0-301F-11D3-BF4B-00C04F79EFBC}") = "GameLife", "GameLife\GameLife.csproj", "{220A01F9-2E2C-456E-878D-B698E92E7221}"
EndProject
Global
	GlobalSection(SolutionConfigurationPlatforms) = preSolution
		Debug|Any CPU = Debug|Any CPU
		Release|Any CPU = Release|Any CPU
	EndGlobalSection
	GlobalSection(ProjectConfigurationPlatforms) = postSolution
		{220A01F9-2E2C-456E-878D-B698E92E7221}.Debug|Any CPU.ActiveCfg = Debug|Any CPU
		{220A01F9-2E2C-456E-878D-B698E92E7221}.Debug|Any CPU.Build.0 = Debug|Any CPU
		{220A01F9-2E2C-456E-878D-B698E92E7221}.Release|Any CPU.ActiveCfg = Release|Any CPU
		{220A01F9-2E2C-456E-878D-B698E92E7221}.Release|Any CPU.Build.0 = Release|Any CPU
	EndGlobalSection
	GlobalSection(SolutionProperties) = preSolution
		HideSolutionNode = FALSE
	EndGlobalSection
	GlobalSection(ExtensibilityGlobals) = postSolution
		SolutionGuid = {C3BB9FFA-3F39-47E7-8F4E-0B999CAAD531}
	EndGlobalSection
EndGlobal
